
Microsoft Visual Studio Solution File, Format Version 12.00
# Visual Studio Version 17
VisualStudioVersion = 17.0.31717.71
MinimumVisualStudioVersion = 10.0.40219.1
Project("{9A19103F-16F7-4668-BE54-9A1E7A4F7556}") = "WotchHomeTask.API", "WotchHomeTask.API\WotchHomeTask.API.csproj", "{4BBFDED3-978A-4EDF-9383-FC67E5704570}"
EndProject
Project("{54A90642-561A-4BB1-A94E-469ADEE60C69}") = "WotchHomeTask.Client", "WotchHomeTask.Client\WotchHomeTask.Client.esproj", "{FFB16583-8F7D-472F-B8EF-02AF302C080C}"
EndProject
Global
	GlobalSection(SolutionConfigurationPlatforms) = preSolution
		Debug|Any CPU = Debug|Any CPU
		Release|Any CPU = Release|Any CPU
	EndGlobalSection
	GlobalSection(ProjectConfigurationPlatforms) = postSolution
		{4BBFDED3-978A-4EDF-9383-FC67E5704570}.Debug|Any CPU.ActiveCfg = Debug|Any CPU
		{4BBFDED3-978A-4EDF-9383-FC67E5704570}.Debug|Any CPU.Build.0 = Debug|Any CPU
		{4BBFDED3-978A-4EDF-9383-FC67E5704570}.Release|Any CPU.ActiveCfg = Release|Any CPU
		{4BBFDED3-978A-4EDF-9383-FC67E5704570}.Release|Any CPU.Build.0 = Release|Any CPU
		{FFB16583-8F7D-472F-B8EF-02AF302C080C}.Debug|Any CPU.ActiveCfg = Debug|Any CPU
		{FFB16583-8F7D-472F-B8EF-02AF302C080C}.Debug|Any CPU.Build.0 = Debug|Any CPU
		{FFB16583-8F7D-472F-B8EF-02AF302C080C}.Debug|Any CPU.Deploy.0 = Debug|Any CPU
		{FFB16583-8F7D-472F-B8EF-02AF302C080C}.Release|Any CPU.ActiveCfg = Release|Any CPU
		{FFB16583-8F7D-472F-B8EF-02AF302C080C}.Release|Any CPU.Build.0 = Release|Any CPU
		{FFB16583-8F7D-472F-B8EF-02AF302C080C}.Release|Any CPU.Deploy.0 = Release|Any CPU
	EndGlobalSection
	GlobalSection(SolutionProperties) = preSolution
		HideSolutionNode = FALSE
	EndGlobalSection
	GlobalSection(ExtensibilityGlobals) = postSolution
		SolutionGuid = {1D7B23E7-DFF9-41B1-BD69-2DE418354FB2}
	EndGlobalSection
EndGlobal
