
Microsoft Visual Studio Solution File, Format Version 12.00
# Visual Studio Version 17
VisualStudioVersion = 17.0.31717.71
MinimumVisualStudioVersion = 10.0.40219.1
Project("{FAE04EC0-301F-11D3-BF4B-00C04F79EFBC}") = "WotchHomeTask.API", "WotchHomeTask.API\WotchHomeTask.API.csproj", "{4BBFDED3-978A-4EDF-9383-FC67E5704570}"
EndProject
Global
	GlobalSection(SolutionConfigurationPlatforms) = preSolution
		Debug|Any CPU = Debug|Any CPU
		Release|Any CPU = Release|Any CPU
	EndGlobalSection
	GlobalSection(ProjectConfigurationPlatforms) = postSolution
		{4BBFDED3-978A-4EDF-9383-FC67E5704570}.Debug|Any CPU.ActiveCfg = Debug|Any CPU
		{4BBFDED3-978A-4EDF-9383-FC67E5704570}.Debug|Any CPU.Build.0 = Debug|Any CPU
		{4BBFDED3-978A-4EDF-9383-FC67E5704570}.Release|Any CPU.ActiveCfg = Release|Any CPU
		{4BBFDED3-978A-4EDF-9383-FC67E5704570}.Release|Any CPU.Build.0 = Release|Any CPU
	EndGlobalSection
	GlobalSection(SolutionProperties) = preSolution
		HideSolutionNode = FALSE
	EndGlobalSection
	GlobalSection(ExtensibilityGlobals) = postSolution
		SolutionGuid = {1D7B23E7-DFF9-41B1-BD69-2DE418354FB2}
	EndGlobalSection
EndGlobal
